// !$*UTF8*$!
{
	archiveVersion = 1;
	classes = {
	};
	objectVersion = 50;
	objects = {

/* Begin PBXBuildFile section */
		370C9B62219BB45700BFD048 /* AppDelegate.swift in Sources */ = {isa = PBXBuildFile; fileRef = 370C9B61219BB45700BFD048 /* AppDelegate.swift */; };
		370C9B67219BB45700BFD048 /* Main.storyboard in Resources */ = {isa = PBXBuildFile; fileRef = 370C9B65219BB45700BFD048 /* Main.storyboard */; };
		370C9B69219BB45800BFD048 /* Assets.xcassets in Resources */ = {isa = PBXBuildFile; fileRef = 370C9B68219BB45800BFD048 /* Assets.xcassets */; };
		370C9B6C219BB45800BFD048 /* LaunchScreen.storyboard in Resources */ = {isa = PBXBuildFile; fileRef = 370C9B6A219BB45800BFD048 /* LaunchScreen.storyboard */; };
		370C9B74219BB55100BFD048 /* ListViewController.swift in Sources */ = {isa = PBXBuildFile; fileRef = 370C9B73219BB55100BFD048 /* ListViewController.swift */; };
		370C9B76219BB56200BFD048 /* AddMemoViewController.swift in Sources */ = {isa = PBXBuildFile; fileRef = 370C9B75219BB56200BFD048 /* AddMemoViewController.swift */; };
		370C9B78219BB57200BFD048 /* DetailViewController.swift in Sources */ = {isa = PBXBuildFile; fileRef = 370C9B77219BB57200BFD048 /* DetailViewController.swift */; };
		86ABBA55857B66E27DD5170F /* Pods_NCMBMemo.framework in Frameworks */ = {isa = PBXBuildFile; fileRef = 4E8DE1BC4B29DF9AA7A039A4 /* Pods_NCMBMemo.framework */; };
/* End PBXBuildFile section */

/* Begin PBXFileReference section */
		001E88F772FBD118FC334F27 /* Pods-NCMBMemo.release.xcconfig */ = {isa = PBXFileReference; includeInIndex = 1; lastKnownFileType = text.xcconfig; name = "Pods-NCMBMemo.release.xcconfig"; path = "Pods/Target Support Files/Pods-NCMBMemo/Pods-NCMBMemo.release.xcconfig"; sourceTree = "<group>"; };
		370C9B5E219BB45700BFD048 /* NCMBMemo.app */ = {isa = PBXFileReference; explicitFileType = wrapper.application; includeInIndex = 0; path = NCMBMemo.app; sourceTree = BUILT_PRODUCTS_DIR; };
		370C9B61219BB45700BFD048 /* AppDelegate.swift */ = {isa = PBXFileReference; lastKnownFileType = sourcecode.swift; path = AppDelegate.swift; sourceTree = "<group>"; };
		370C9B66219BB45700BFD048 /* Base */ = {isa = PBXFileReference; lastKnownFileType = file.storyboard; name = Base; path = Base.lproj/Main.storyboard; sourceTree = "<group>"; };
		370C9B68219BB45800BFD048 /* Assets.xcassets */ = {isa = PBXFileReference; lastKnownFileType = folder.assetcatalog; path = Assets.xcassets; sourceTree = "<group>"; };
		370C9B6B219BB45800BFD048 /* Base */ = {isa = PBXFileReference; lastKnownFileType = file.storyboard; name = Base; path = Base.lproj/LaunchScreen.storyboard; sourceTree = "<group>"; };
		370C9B6D219BB45800BFD048 /* Info.plist */ = {isa = PBXFileReference; lastKnownFileType = text.plist.xml; path = Info.plist; sourceTree = "<group>"; };
		370C9B73219BB55100BFD048 /* ListViewController.swift */ = {isa = PBXFileReference; lastKnownFileType = sourcecode.swift; path = ListViewController.swift; sourceTree = "<group>"; };
		370C9B75219BB56200BFD048 /* AddMemoViewController.swift */ = {isa = PBXFileReference; lastKnownFileType = sourcecode.swift; path = AddMemoViewController.swift; sourceTree = "<group>"; };
		370C9B77219BB57200BFD048 /* DetailViewController.swift */ = {isa = PBXFileReference; lastKnownFileType = sourcecode.swift; path = DetailViewController.swift; sourceTree = "<group>"; };
		4E8DE1BC4B29DF9AA7A039A4 /* Pods_NCMBMemo.framework */ = {isa = PBXFileReference; explicitFileType = wrapper.framework; includeInIndex = 0; path = Pods_NCMBMemo.framework; sourceTree = BUILT_PRODUCTS_DIR; };
		55886A26C9ED9B0277288AE4 /* Pods-NCMBMemo.debug.xcconfig */ = {isa = PBXFileReference; includeInIndex = 1; lastKnownFileType = text.xcconfig; name = "Pods-NCMBMemo.debug.xcconfig"; path = "Pods/Target Support Files/Pods-NCMBMemo/Pods-NCMBMemo.debug.xcconfig"; sourceTree = "<group>"; };
/* End PBXFileReference section */

/* Begin PBXFrameworksBuildPhase section */
		370C9B5B219BB45700BFD048 /* Frameworks */ = {
			isa = PBXFrameworksBuildPhase;
			buildActionMask = 2147483647;
			files = (
				86ABBA55857B66E27DD5170F /* Pods_NCMBMemo.framework in Frameworks */,
			);
			runOnlyForDeploymentPostprocessing = 0;
		};
/* End PBXFrameworksBuildPhase section */

/* Begin PBXGroup section */
		370C9B55219BB45700BFD048 = {
			isa = PBXGroup;
			children = (
				370C9B60219BB45700BFD048 /* NCMBMemo */,
				370C9B5F219BB45700BFD048 /* Products */,
				4644D7AABC884572CC0D5F0C /* Pods */,
				789E92C73305A7F0A8CF8DE9 /* Frameworks */,
			);
			sourceTree = "<group>";
		};
		370C9B5F219BB45700BFD048 /* Products */ = {
			isa = PBXGroup;
			children = (
				370C9B5E219BB45700BFD048 /* NCMBMemo.app */,
			);
			name = Products;
			sourceTree = "<group>";
		};
		370C9B60219BB45700BFD048 /* NCMBMemo */ = {
			isa = PBXGroup;
			children = (
				370C9B61219BB45700BFD048 /* AppDelegate.swift */,
				370C9B65219BB45700BFD048 /* Main.storyboard */,
				370C9B68219BB45800BFD048 /* Assets.xcassets */,
				370C9B6A219BB45800BFD048 /* LaunchScreen.storyboard */,
				370C9B6D219BB45800BFD048 /* Info.plist */,
				370C9B73219BB55100BFD048 /* ListViewController.swift */,
				370C9B75219BB56200BFD048 /* AddMemoViewController.swift */,
				370C9B77219BB57200BFD048 /* DetailViewController.swift */,
			);
			path = NCMBMemo;
			sourceTree = "<group>";
		};
		4644D7AABC884572CC0D5F0C /* Pods */ = {
			isa = PBXGroup;
			children = (
				55886A26C9ED9B0277288AE4 /* Pods-NCMBMemo.debug.xcconfig */,
				001E88F772FBD118FC334F27 /* Pods-NCMBMemo.release.xcconfig */,
			);
			name = Pods;
			sourceTree = "<group>";
		};
		789E92C73305A7F0A8CF8DE9 /* Frameworks */ = {
			isa = PBXGroup;
			children = (
				4E8DE1BC4B29DF9AA7A039A4 /* Pods_NCMBMemo.framework */,
			);
			name = Frameworks;
			sourceTree = "<group>";
		};
/* End PBXGroup section */

/* Begin PBXNativeTarget section */
		370C9B5D219BB45700BFD048 /* NCMBMemo */ = {
			isa = PBXNativeTarget;
			buildConfigurationList = 370C9B70219BB45800BFD048 /* Build configuration list for PBXNativeTarget "NCMBMemo" */;
			buildPhases = (
				394909CD2B7705F4C1965B26 /* [CP] Check Pods Manifest.lock */,
				370C9B5A219BB45700BFD048 /* Sources */,
				370C9B5B219BB45700BFD048 /* Frameworks */,
				370C9B5C219BB45700BFD048 /* Resources */,
				437ED0F030F58A98BFA7F40B /* [CP] Embed Pods Frameworks */,
			);
			buildRules = (
			);
			dependencies = (
			);
			name = NCMBMemo;
			productName = NCMBMemo;
			productReference = 370C9B5E219BB45700BFD048 /* NCMBMemo.app */;
			productType = "com.apple.product-type.application";
		};
/* End PBXNativeTarget section */

/* Begin PBXProject section */
		370C9B56219BB45700BFD048 /* Project object */ = {
			isa = PBXProject;
			attributes = {
				LastSwiftUpdateCheck = 1000;
				LastUpgradeCheck = 1000;
				ORGANIZATIONNAME = shotaro;
				TargetAttributes = {
					370C9B5D219BB45700BFD048 = {
						CreatedOnToolsVersion = 10.0;
					};
				};
			};
			buildConfigurationList = 370C9B59219BB45700BFD048 /* Build configuration list for PBXProject "NCMBMemo" */;
			compatibilityVersion = "Xcode 9.3";
			developmentRegion = en;
			hasScannedForEncodings = 0;
			knownRegions = (
				en,
				Base,
			);
			mainGroup = 370C9B55219BB45700BFD048;
			productRefGroup = 370C9B5F219BB45700BFD048 /* Products */;
			projectDirPath = "";
			projectRoot = "";
			targets = (
				370C9B5D219BB45700BFD048 /* NCMBMemo */,
			);
		};
/* End PBXProject section */

/* Begin PBXResourcesBuildPhase section */
		370C9B5C219BB45700BFD048 /* Resources */ = {
			isa = PBXResourcesBuildPhase;
			buildActionMask = 2147483647;
			files = (
				370C9B6C219BB45800BFD048 /* LaunchScreen.storyboard in Resources */,
				370C9B69219BB45800BFD048 /* Assets.xcassets in Resources */,
				370C9B67219BB45700BFD048 /* Main.storyboard in Resources */,
			);
			runOnlyForDeploymentPostprocessing = 0;
		};
/* End PBXResourcesBuildPhase section */

/* Begin PBXShellScriptBuildPhase section */
		394909CD2B7705F4C1965B26 /* [CP] Check Pods Manifest.lock */ = {
			isa = PBXShellScriptBuildPhase;
			buildActionMask = 2147483647;
			files = (
			);
			inputFileListPaths = (
			);
			inputPaths = (
				"${PODS_PODFILE_DIR_PATH}/Podfile.lock",
				"${PODS_ROOT}/Manifest.lock",
			);
			name = "[CP] Check Pods Manifest.lock";
			outputFileListPaths = (
			);
			outputPaths = (
				"$(DERIVED_FILE_DIR)/Pods-NCMBMemo-checkManifestLockResult.txt",
			);
			runOnlyForDeploymentPostprocessing = 0;
			shellPath = /bin/sh;
			shellScript = "diff \"${PODS_PODFILE_DIR_PATH}/Podfile.lock\" \"${PODS_ROOT}/Manifest.lock\" > /dev/null\nif [ $? != 0 ] ; then\n    # print error to STDERR\n    echo \"error: The sandbox is not in sync with the Podfile.lock. Run 'pod install' or update your CocoaPods installation.\" >&2\n    exit 1\nfi\n# This output is used by Xcode 'outputs' to avoid re-running this script phase.\necho \"SUCCESS\" > \"${SCRIPT_OUTPUT_FILE_0}\"\n";
			showEnvVarsInLog = 0;
		};
		437ED0F030F58A98BFA7F40B /* [CP] Embed Pods Frameworks */ = {
			isa = PBXShellScriptBuildPhase;
			buildActionMask = 2147483647;
			files = (
			);
			inputFileListPaths = (
			);
			inputPaths = (
				"${SRCROOT}/Pods/Target Support Files/Pods-NCMBMemo/Pods-NCMBMemo-frameworks.sh",
				"${BUILT_PRODUCTS_DIR}/NCMB/NCMB.framework",
				"${BUILT_PRODUCTS_DIR}/SVProgressHUD/SVProgressHUD.framework",
			);
			name = "[CP] Embed Pods Frameworks";
			outputFileListPaths = (
			);
			outputPaths = (
				"${TARGET_BUILD_DIR}/${FRAMEWORKS_FOLDER_PATH}/NCMB.framework",
				"${TARGET_BUILD_DIR}/${FRAMEWORKS_FOLDER_PATH}/SVProgressHUD.framework",
			);
			runOnlyForDeploymentPostprocessing = 0;
			shellPath = /bin/sh;
			shellScript = "\"${SRCROOT}/Pods/Target Support Files/Pods-NCMBMemo/Pods-NCMBMemo-frameworks.sh\"\n";
			showEnvVarsInLog = 0;
		};
/* End PBXShellScriptBuildPhase section */

/* Begin PBXSourcesBuildPhase section */
		370C9B5A219BB45700BFD048 /* Sources */ = {
			isa = PBXSourcesBuildPhase;
			buildActionMask = 2147483647;
			files = (
				370C9B76219BB56200BFD048 /* AddMemoViewController.swift in Sources */,
				370C9B74219BB55100BFD048 /* ListViewController.swift in Sources */,
				370C9B62219BB45700BFD048 /* AppDelegate.swift in Sources */,
				370C9B78219BB57200BFD048 /* DetailViewController.swift in Sources */,
			);
			runOnlyForDeploymentPostprocessing = 0;
		};
/* End PBXSourcesBuildPhase section */

/* Begin PBXVariantGroup section */
		370C9B65219BB45700BFD048 /* Main.storyboard */ = {
			isa = PBXVariantGroup;
			children = (
				370C9B66219BB45700BFD048 /* Base */,
			);
			name = Main.storyboard;
			sourceTree = "<group>";
		};
		370C9B6A219BB45800BFD048 /* LaunchScreen.storyboard */ = {
			isa = PBXVariantGroup;
			children = (
				370C9B6B219BB45800BFD048 /* Base */,
			);
			name = LaunchScreen.storyboard;
			sourceTree = "<group>";
		};
/* End PBXVariantGroup section */

/* Begin XCBuildConfiguration section */
		370C9B6E219BB45800BFD048 /* Debug */ = {
			isa = XCBuildConfiguration;
			buildSettings = {
				ALWAYS_SEARCH_USER_PATHS = NO;
				CLANG_ANALYZER_NONNULL = YES;
				CLANG_ANALYZER_NUMBER_OBJECT_CONVERSION = YES_AGGRESSIVE;
				CLANG_CXX_LANGUAGE_STANDARD = "gnu++14";
				CLANG_CXX_LIBRARY = "libc++";
				CLANG_ENABLE_MODULES = YES;
				CLANG_ENABLE_OBJC_ARC = YES;
				CLANG_ENABLE_OBJC_WEAK = YES;
				CLANG_WARN_BLOCK_CAPTURE_AUTORELEASING = YES;
				CLANG_WARN_BOOL_CONVERSION = YES;
				CLANG_WARN_COMMA = YES;
				CLANG_WARN_CONSTANT_CONVERSION = YES;
				CLANG_WARN_DEPRECATED_OBJC_IMPLEMENTATIONS = YES;
				CLANG_WARN_DIRECT_OBJC_ISA_USAGE = YES_ERROR;
				CLANG_WARN_DOCUMENTATION_COMMENTS = YES;
				CLANG_WARN_EMPTY_BODY = YES;
				CLANG_WARN_ENUM_CONVERSION = YES;
				CLANG_WARN_INFINITE_RECURSION = YES;
				CLANG_WARN_INT_CONVERSION = YES;
				CLANG_WARN_NON_LITERAL_NULL_CONVERSION = YES;
				CLANG_WARN_OBJC_IMPLICIT_RETAIN_SELF = YES;
				CLANG_WARN_OBJC_LITERAL_CONVERSION = YES;
				CLANG_WARN_OBJC_ROOT_CLASS = YES_ERROR;
				CLANG_WARN_RANGE_LOOP_ANALYSIS = YES;
				CLANG_WARN_STRICT_PROTOTYPES = YES;
				CLANG_WARN_SUSPICIOUS_MOVE = YES;
				CLANG_WARN_UNGUARDED_AVAILABILITY = YES_AGGRESSIVE;
				CLANG_WARN_UNREACHABLE_CODE = YES;
				CLANG_WARN__DUPLICATE_METHOD_MATCH = YES;
				CODE_SIGN_IDENTITY = "iPhone Developer";
				COPY_PHASE_STRIP = NO;
				DEBUG_INFORMATION_FORMAT = dwarf;
				ENABLE_STRICT_OBJC_MSGSEND = YES;
				ENABLE_TESTABILITY = YES;
				GCC_C_LANGUAGE_STANDARD = gnu11;
				GCC_DYNAMIC_NO_PIC = NO;
				GCC_NO_COMMON_BLOCKS = YES;
				GCC_OPTIMIZATION_LEVEL = 0;
				GCC_PREPROCESSOR_DEFINITIONS = (
					"DEBUG=1",
					"$(inherited)",
				);
				GCC_WARN_64_TO_32_BIT_CONVERSION = YES;
				GCC_WARN_ABOUT_RETURN_TYPE = YES_ERROR;
				GCC_WARN_UNDECLARED_SELECTOR = YES;
				GCC_WARN_UNINITIALIZED_AUTOS = YES_AGGRESSIVE;
				GCC_WARN_UNUSED_FUNCTION = YES;
				GCC_WARN_UNUSED_VARIABLE = YES;
				IPHONEOS_DEPLOYMENT_TARGET = 12.0;
				MTL_ENABLE_DEBUG_INFO = INCLUDE_SOURCE;
				MTL_FAST_MATH = YES;
				ONLY_ACTIVE_ARCH = YES;
				SDKROOT = iphoneos;
				SWIFT_ACTIVE_COMPILATION_CONDITIONS = DEBUG;
				SWIFT_OPTIMIZATION_LEVEL = "-Onone";
			};
			name = Debug;
		};
		370C9B6F219BB45800BFD048 /* Release */ = {
			isa = XCBuildConfiguration;
			buildSettings = {
				ALWAYS_SEARCH_USER_PATHS = NO;
				CLANG_ANALYZER_NONNULL = YES;
				CLANG_ANALYZER_NUMBER_OBJECT_CONVERSION = YES_AGGRESSIVE;
				CLANG_CXX_LANGUAGE_STANDARD = "gnu++14";
				CLANG_CXX_LIBRARY = "libc++";
				CLANG_ENABLE_MODULES = YES;
				CLANG_ENABLE_OBJC_ARC = YES;
				CLANG_ENABLE_OBJC_WEAK = YES;
				CLANG_WARN_BLOCK_CAPTURE_AUTORELEASING = YES;
				CLANG_WARN_BOOL_CONVERSION = YES;
				CLANG_WARN_COMMA = YES;
				CLANG_WARN_CONSTANT_CONVERSION = YES;
				CLANG_WARN_DEPRECATED_OBJC_IMPLEMENTATIONS = YES;
				CLANG_WARN_DIRECT_OBJC_ISA_USAGE = YES_ERROR;
				CLANG_WARN_DOCUMENTATION_COMMENTS = YES;
				CLANG_WARN_EMPTY_BODY = YES;
				CLANG_WARN_ENUM_CONVERSION = YES;
				CLANG_WARN_INFINITE_RECURSION = YES;
				CLANG_WARN_INT_CONVERSION = YES;
				CLANG_WARN_NON_LITERAL_NULL_CONVERSION = YES;
				CLANG_WARN_OBJC_IMPLICIT_RETAIN_SELF = YES;
				CLANG_WARN_OBJC_LITERAL_CONVERSION = YES;
				CLANG_WARN_OBJC_ROOT_CLASS = YES_ERROR;
				CLANG_WARN_RANGE_LOOP_ANALYSIS = YES;
				CLANG_WARN_STRICT_PROTOTYPES = YES;
				CLANG_WARN_SUSPICIOUS_MOVE = YES;
				CLANG_WARN_UNGUARDED_AVAILABILITY = YES_AGGRESSIVE;
				CLANG_WARN_UNREACHABLE_CODE = YES;
				CLANG_WARN__DUPLICATE_METHOD_MATCH = YES;
				CODE_SIGN_IDENTITY = "iPhone Developer";
				COPY_PHASE_STRIP = NO;
				DEBUG_INFORMATION_FORMAT = "dwarf-with-dsym";
				ENABLE_NS_ASSERTIONS = NO;
				ENABLE_STRICT_OBJC_MSGSEND = YES;
				GCC_C_LANGUAGE_STANDARD = gnu11;
				GCC_NO_COMMON_BLOCKS = YES;
				GCC_WARN_64_TO_32_BIT_CONVERSION = YES;
				GCC_WARN_ABOUT_RETURN_TYPE = YES_ERROR;
				GCC_WARN_UNDECLARED_SELECTOR = YES;
				GCC_WARN_UNINITIALIZED_AUTOS = YES_AGGRESSIVE;
				GCC_WARN_UNUSED_FUNCTION = YES;
				GCC_WARN_UNUSED_VARIABLE = YES;
				IPHONEOS_DEPLOYMENT_TARGET = 12.0;
				MTL_ENABLE_DEBUG_INFO = NO;
				MTL_FAST_MATH = YES;
				SDKROOT = iphoneos;
				SWIFT_COMPILATION_MODE = wholemodule;
				SWIFT_OPTIMIZATION_LEVEL = "-O";
				VALIDATE_PRODUCT = YES;
			};
			name = Release;
		};
		370C9B71219BB45800BFD048 /* Debug */ = {
			isa = XCBuildConfiguration;
			baseConfigurationReference = 55886A26C9ED9B0277288AE4 /* Pods-NCMBMemo.debug.xcconfig */;
			buildSettings = {
				ASSETCATALOG_COMPILER_APPICON_NAME = AppIcon;
				CODE_SIGN_STYLE = Automatic;
				DEVELOPMENT_TEAM = M82FLD6C75;
				INFOPLIST_FILE = NCMBMemo/Info.plist;
				LD_RUNPATH_SEARCH_PATHS = (
					"$(inherited)",
					"@executable_path/Frameworks",
				);
				PRODUCT_BUNDLE_IDENTIFIER = net.shotaroooe.NCMBMemo;
				PRODUCT_NAME = "$(TARGET_NAME)";
				SWIFT_VERSION = 4.2;
				TARGETED_DEVICE_FAMILY = "1,2";
			};
			name = Debug;
		};
		370C9B72219BB45800BFD048 /* Release */ = {
			isa = XCBuildConfiguration;
			baseConfigurationReference = 001E88F772FBD118FC334F27 /* Pods-NCMBMemo.release.xcconfig */;
			buildSettings = {
				ASSETCATALOG_COMPILER_APPICON_NAME = AppIcon;
				CODE_SIGN_STYLE = Automatic;
				DEVELOPMENT_TEAM = M82FLD6C75;
				INFOPLIST_FILE = NCMBMemo/Info.plist;
				LD_RUNPATH_SEARCH_PATHS = (
					"$(inherited)",
					"@executable_path/Frameworks",
				);
				PRODUCT_BUNDLE_IDENTIFIER = net.shotaroooe.NCMBMemo;
				PRODUCT_NAME = "$(TARGET_NAME)";
				SWIFT_VERSION = 4.2;
				TARGETED_DEVICE_FAMILY = "1,2";
			};
			name = Release;
		};
/* End XCBuildConfiguration section */

/* Begin XCConfigurationList section */
		370C9B59219BB45700BFD048 /* Build configuration list for PBXProject "NCMBMemo" */ = {
			isa = XCConfigurationList;
			buildConfigurations = (
				370C9B6E219BB45800BFD048 /* Debug */,
				370C9B6F219BB45800BFD048 /* Release */,
			);
			defaultConfigurationIsVisible = 0;
			defaultConfigurationName = Release;
		};
		370C9B70219BB45800BFD048 /* Build configuration list for PBXNativeTarget "NCMBMemo" */ = {
			isa = XCConfigurationList;
			buildConfigurations = (
				370C9B71219BB45800BFD048 /* Debug */,
				370C9B72219BB45800BFD048 /* Release */,
			);
			defaultConfigurationIsVisible = 0;
			defaultConfigurationName = Release;
		};
/* End XCConfigurationList section */
	};
	rootObject = 370C9B56219BB45700BFD048 /* Project object */;
}
